
Microsoft Visual Studio Solution File, Format Version 12.00
# Visual Studio 14
VisualStudioVersion = 14.0.25420.1
MinimumVisualStudioVersion = 10.0.40219.1
Project("{FAE04EC0-301F-11D3-BF4B-00C04F79EFBC}") = "Webservice_IMC", "Webservice_IMC\Webservice_IMC.csproj", "{819BE2C7-8862-4CBC-990C-2155C997324F}"
EndProject
Project("{2150E333-8FDC-42A3-9474-1A3956D46DE8}") = "Solution Items", "Solution Items", "{82FF25F8-C2B0-4285-BC68-E4ABC9DC0DB8}"
	ProjectSection(SolutionItems) = preProject
		Webservice_IMC\Curso.aspx = Webservice_IMC\Curso.aspx
		Webservice_IMC\Curso.aspx.cs = Webservice_IMC\Curso.aspx.cs
		Webservice_IMC\Curso.aspx.designer.cs = Webservice_IMC\Curso.aspx.designer.cs
	EndProjectSection
EndProject
Global
	GlobalSection(SolutionConfigurationPlatforms) = preSolution
		Debug|Any CPU = Debug|Any CPU
		Release|Any CPU = Release|Any CPU
	EndGlobalSection
	GlobalSection(ProjectConfigurationPlatforms) = postSolution
		{819BE2C7-8862-4CBC-990C-2155C997324F}.Debug|Any CPU.ActiveCfg = Debug|Any CPU
		{819BE2C7-8862-4CBC-990C-2155C997324F}.Debug|Any CPU.Build.0 = Debug|Any CPU
		{819BE2C7-8862-4CBC-990C-2155C997324F}.Release|Any CPU.ActiveCfg = Release|Any CPU
		{819BE2C7-8862-4CBC-990C-2155C997324F}.Release|Any CPU.Build.0 = Release|Any CPU
	EndGlobalSection
	GlobalSection(SolutionProperties) = preSolution
		HideSolutionNode = FALSE
	EndGlobalSection
EndGlobal
